
Microsoft Visual Studio Solution File, Format Version 12.00
# Visual Studio Version 17
VisualStudioVersion = 17.10.35027.167
MinimumVisualStudioVersion = 10.0.40219.1
Project("{FAE04EC0-301F-11D3-BF4B-00C04F79EFBC}") = "ImageEditor", "ImageEditor.csproj", "{59E70EBF-5555-4166-B7C1-16057ECA3EE4}"
EndProject
Global
	GlobalSection(SolutionConfigurationPlatforms) = preSolution
		Debug|Any CPU = Debug|Any CPU
		Release|Any CPU = Release|Any CPU
	EndGlobalSection
	GlobalSection(ProjectConfigurationPlatforms) = postSolution
		{59E70EBF-5555-4166-B7C1-16057ECA3EE4}.Debug|Any CPU.ActiveCfg = Debug|Any CPU
		{59E70EBF-5555-4166-B7C1-16057ECA3EE4}.Debug|Any CPU.Build.0 = Debug|Any CPU
		{59E70EBF-5555-4166-B7C1-16057ECA3EE4}.Debug|Any CPU.Deploy.0 = Debug|Any CPU
		{59E70EBF-5555-4166-B7C1-16057ECA3EE4}.Release|Any CPU.ActiveCfg = Release|Any CPU
		{59E70EBF-5555-4166-B7C1-16057ECA3EE4}.Release|Any CPU.Build.0 = Release|Any CPU
		{59E70EBF-5555-4166-B7C1-16057ECA3EE4}.Release|Any CPU.Deploy.0 = Release|Any CPU
	EndGlobalSection
	GlobalSection(SolutionProperties) = preSolution
		HideSolutionNode = FALSE
	EndGlobalSection
	GlobalSection(ExtensibilityGlobals) = postSolution
		SolutionGuid = {BB07B361-362A-4216-A50E-82EF6D9C6738}
	EndGlobalSection
EndGlobal
